// !$*UTF8*$!
{
	archiveVersion = 1;
	classes = {
	};
	objectVersion = 52;
	objects = {

/* Begin PBXBuildFile section */
		87A9545925C7094700CA99C0 /* AppDelegate.swift in Sources */ = {isa = PBXBuildFile; fileRef = 87A9545825C7094700CA99C0 /* AppDelegate.swift */; };
		87A9545B25C7094700CA99C0 /* SceneDelegate.swift in Sources */ = {isa = PBXBuildFile; fileRef = 87A9545A25C7094700CA99C0 /* SceneDelegate.swift */; };
		87A9546225C7094800CA99C0 /* Assets.xcassets in Resources */ = {isa = PBXBuildFile; fileRef = 87A9546125C7094800CA99C0 /* Assets.xcassets */; };
		87A9546525C7094800CA99C0 /* LaunchScreen.storyboard in Resources */ = {isa = PBXBuildFile; fileRef = 87A9546325C7094800CA99C0 /* LaunchScreen.storyboard */; };
		87A9547925C70ADD00CA99C0 /* Initializer.swift in Sources */ = {isa = PBXBuildFile; fileRef = 87A9547825C70ADD00CA99C0 /* Initializer.swift */; };
		87A9547D25C70B5100CA99C0 /* ShinyUI in Frameworks */ = {isa = PBXBuildFile; productRef = 87A9547C25C70B5100CA99C0 /* ShinyUI */; };
		87A9548125C70BDD00CA99C0 /* App.swift in Sources */ = {isa = PBXBuildFile; fileRef = 87A9548025C70BDD00CA99C0 /* App.swift */; };
/* End PBXBuildFile section */

/* Begin PBXFileReference section */
		87A9545525C7094700CA99C0 /* Mobile.app */ = {isa = PBXFileReference; explicitFileType = wrapper.application; includeInIndex = 0; path = Mobile.app; sourceTree = BUILT_PRODUCTS_DIR; };
		87A9545825C7094700CA99C0 /* AppDelegate.swift */ = {isa = PBXFileReference; lastKnownFileType = sourcecode.swift; path = AppDelegate.swift; sourceTree = "<group>"; };
		87A9545A25C7094700CA99C0 /* SceneDelegate.swift */ = {isa = PBXFileReference; lastKnownFileType = sourcecode.swift; path = SceneDelegate.swift; sourceTree = "<group>"; };
		87A9546125C7094800CA99C0 /* Assets.xcassets */ = {isa = PBXFileReference; lastKnownFileType = folder.assetcatalog; path = Assets.xcassets; sourceTree = "<group>"; };
		87A9546425C7094800CA99C0 /* Base */ = {isa = PBXFileReference; lastKnownFileType = file.storyboard; name = Base; path = Base.lproj/LaunchScreen.storyboard; sourceTree = "<group>"; };
		87A9546625C7094800CA99C0 /* Info.plist */ = {isa = PBXFileReference; lastKnownFileType = text.plist.xml; path = Info.plist; sourceTree = "<group>"; };
		87A9546D25C7095100CA99C0 /* Mobile.entitlements */ = {isa = PBXFileReference; lastKnownFileType = text.plist.entitlements; path = Mobile.entitlements; sourceTree = "<group>"; };
		87A9546F25C70A0B00CA99C0 /* ShinyUI */ = {isa = PBXFileReference; lastKnownFileType = folder; name = ShinyUI; path = ../..; sourceTree = "<group>"; };
		87A9547825C70ADD00CA99C0 /* Initializer.swift */ = {isa = PBXFileReference; lastKnownFileType = sourcecode.swift; path = Initializer.swift; sourceTree = "<group>"; };
		87A9548025C70BDD00CA99C0 /* App.swift */ = {isa = PBXFileReference; lastKnownFileType = sourcecode.swift; path = App.swift; sourceTree = "<group>"; };
/* End PBXFileReference section */

/* Begin PBXFrameworksBuildPhase section */
		87A9545225C7094700CA99C0 /* Frameworks */ = {
			isa = PBXFrameworksBuildPhase;
			buildActionMask = 2147483647;
			files = (
				87A9547D25C70B5100CA99C0 /* ShinyUI in Frameworks */,
			);
			runOnlyForDeploymentPostprocessing = 0;
		};
/* End PBXFrameworksBuildPhase section */

/* Begin PBXGroup section */
		87A9544C25C7094700CA99C0 = {
			isa = PBXGroup;
			children = (
				87A9546F25C70A0B00CA99C0 /* ShinyUI */,
				87A9545725C7094700CA99C0 /* Mobile */,
				87A9545625C7094700CA99C0 /* Products */,
				87A9547B25C70B5100CA99C0 /* Frameworks */,
			);
			sourceTree = "<group>";
		};
		87A9545625C7094700CA99C0 /* Products */ = {
			isa = PBXGroup;
			children = (
				87A9545525C7094700CA99C0 /* Mobile.app */,
			);
			name = Products;
			sourceTree = "<group>";
		};
		87A9545725C7094700CA99C0 /* Mobile */ = {
			isa = PBXGroup;
			children = (
				87A9546D25C7095100CA99C0 /* Mobile.entitlements */,
				87A9547425C70A8700CA99C0 /* Basic */,
				87A9547225C70A7500CA99C0 /* Application */,
				87A9545825C7094700CA99C0 /* AppDelegate.swift */,
				87A9545A25C7094700CA99C0 /* SceneDelegate.swift */,
				87A9547825C70ADD00CA99C0 /* Initializer.swift */,
			);
			path = Mobile;
			sourceTree = "<group>";
		};
		87A9547225C70A7500CA99C0 /* Application */ = {
			isa = PBXGroup;
			children = (
				87A9548025C70BDD00CA99C0 /* App.swift */,
			);
			path = Application;
			sourceTree = "<group>";
		};
		87A9547425C70A8700CA99C0 /* Basic */ = {
			isa = PBXGroup;
			children = (
				87A9546625C7094800CA99C0 /* Info.plist */,
				87A9546125C7094800CA99C0 /* Assets.xcassets */,
				87A9546325C7094800CA99C0 /* LaunchScreen.storyboard */,
			);
			path = Basic;
			sourceTree = "<group>";
		};
		87A9547B25C70B5100CA99C0 /* Frameworks */ = {
			isa = PBXGroup;
			children = (
			);
			name = Frameworks;
			sourceTree = "<group>";
		};
/* End PBXGroup section */

/* Begin PBXNativeTarget section */
		87A9545425C7094700CA99C0 /* Mobile */ = {
			isa = PBXNativeTarget;
			buildConfigurationList = 87A9546925C7094800CA99C0 /* Build configuration list for PBXNativeTarget "Mobile" */;
			buildPhases = (
				87A9545125C7094700CA99C0 /* Sources */,
				87A9545225C7094700CA99C0 /* Frameworks */,
				87A9545325C7094700CA99C0 /* Resources */,
			);
			buildRules = (
			);
			dependencies = (
			);
			name = Mobile;
			packageProductDependencies = (
				87A9547C25C70B5100CA99C0 /* ShinyUI */,
			);
			productName = Mobile;
			productReference = 87A9545525C7094700CA99C0 /* Mobile.app */;
			productType = "com.apple.product-type.application";
		};
/* End PBXNativeTarget section */

/* Begin PBXProject section */
		87A9544D25C7094700CA99C0 /* Project object */ = {
			isa = PBXProject;
			attributes = {
				LastSwiftUpdateCheck = 1220;
				LastUpgradeCheck = 1220;
				TargetAttributes = {
					87A9545425C7094700CA99C0 = {
						CreatedOnToolsVersion = 12.2;
					};
				};
			};
			buildConfigurationList = 87A9545025C7094700CA99C0 /* Build configuration list for PBXProject "Mobile" */;
			compatibilityVersion = "Xcode 9.3";
			developmentRegion = en;
			hasScannedForEncodings = 0;
			knownRegions = (
				en,
				Base,
			);
			mainGroup = 87A9544C25C7094700CA99C0;
			productRefGroup = 87A9545625C7094700CA99C0 /* Products */;
			projectDirPath = "";
			projectRoot = "";
			targets = (
				87A9545425C7094700CA99C0 /* Mobile */,
			);
		};
/* End PBXProject section */

/* Begin PBXResourcesBuildPhase section */
		87A9545325C7094700CA99C0 /* Resources */ = {
			isa = PBXResourcesBuildPhase;
			buildActionMask = 2147483647;
			files = (
				87A9546525C7094800CA99C0 /* LaunchScreen.storyboard in Resources */,
				87A9546225C7094800CA99C0 /* Assets.xcassets in Resources */,
			);
			runOnlyForDeploymentPostprocessing = 0;
		};
/* End PBXResourcesBuildPhase section */

/* Begin PBXSourcesBuildPhase section */
		87A9545125C7094700CA99C0 /* Sources */ = {
			isa = PBXSourcesBuildPhase;
			buildActionMask = 2147483647;
			files = (
				87A9545925C7094700CA99C0 /* AppDelegate.swift in Sources */,
				87A9548125C70BDD00CA99C0 /* App.swift in Sources */,
				87A9545B25C7094700CA99C0 /* SceneDelegate.swift in Sources */,
				87A9547925C70ADD00CA99C0 /* Initializer.swift in Sources */,
			);
			runOnlyForDeploymentPostprocessing = 0;
		};
/* End PBXSourcesBuildPhase section */

/* Begin PBXVariantGroup section */
		87A9546325C7094800CA99C0 /* LaunchScreen.storyboard */ = {
			isa = PBXVariantGroup;
			children = (
				87A9546425C7094800CA99C0 /* Base */,
			);
			name = LaunchScreen.storyboard;
			sourceTree = "<group>";
		};
/* End PBXVariantGroup section */

/* Begin XCBuildConfiguration section */
		87A9546725C7094800CA99C0 /* Debug */ = {
			isa = XCBuildConfiguration;
			buildSettings = {
				ALWAYS_SEARCH_USER_PATHS = NO;
				CLANG_ANALYZER_NONNULL = YES;
				CLANG_ANALYZER_NUMBER_OBJECT_CONVERSION = YES_AGGRESSIVE;
				CLANG_CXX_LANGUAGE_STANDARD = "gnu++14";
				CLANG_CXX_LIBRARY = "libc++";
				CLANG_ENABLE_MODULES = YES;
				CLANG_ENABLE_OBJC_ARC = YES;
				CLANG_ENABLE_OBJC_WEAK = YES;
				CLANG_WARN_BLOCK_CAPTURE_AUTORELEASING = YES;
				CLANG_WARN_BOOL_CONVERSION = YES;
				CLANG_WARN_COMMA = YES;
				CLANG_WARN_CONSTANT_CONVERSION = YES;
				CLANG_WARN_DEPRECATED_OBJC_IMPLEMENTATIONS = YES;
				CLANG_WARN_DIRECT_OBJC_ISA_USAGE = YES_ERROR;
				CLANG_WARN_DOCUMENTATION_COMMENTS = YES;
				CLANG_WARN_EMPTY_BODY = YES;
				CLANG_WARN_ENUM_CONVERSION = YES;
				CLANG_WARN_INFINITE_RECURSION = YES;
				CLANG_WARN_INT_CONVERSION = YES;
				CLANG_WARN_NON_LITERAL_NULL_CONVERSION = YES;
				CLANG_WARN_OBJC_IMPLICIT_RETAIN_SELF = YES;
				CLANG_WARN_OBJC_LITERAL_CONVERSION = YES;
				CLANG_WARN_OBJC_ROOT_CLASS = YES_ERROR;
				CLANG_WARN_QUOTED_INCLUDE_IN_FRAMEWORK_HEADER = YES;
				CLANG_WARN_RANGE_LOOP_ANALYSIS = YES;
				CLANG_WARN_STRICT_PROTOTYPES = YES;
				CLANG_WARN_SUSPICIOUS_MOVE = YES;
				CLANG_WARN_UNGUARDED_AVAILABILITY = YES_AGGRESSIVE;
				CLANG_WARN_UNREACHABLE_CODE = YES;
				CLANG_WARN__DUPLICATE_METHOD_MATCH = YES;
				COPY_PHASE_STRIP = NO;
				DEBUG_INFORMATION_FORMAT = dwarf;
				ENABLE_STRICT_OBJC_MSGSEND = YES;
				ENABLE_TESTABILITY = YES;
				GCC_C_LANGUAGE_STANDARD = gnu11;
				GCC_DYNAMIC_NO_PIC = NO;
				GCC_NO_COMMON_BLOCKS = YES;
				GCC_OPTIMIZATION_LEVEL = 0;
				GCC_PREPROCESSOR_DEFINITIONS = (
					"DEBUG=1",
					"$(inherited)",
				);
				GCC_WARN_64_TO_32_BIT_CONVERSION = YES;
				GCC_WARN_ABOUT_RETURN_TYPE = YES_ERROR;
				GCC_WARN_UNDECLARED_SELECTOR = YES;
				GCC_WARN_UNINITIALIZED_AUTOS = YES_AGGRESSIVE;
				GCC_WARN_UNUSED_FUNCTION = YES;
				GCC_WARN_UNUSED_VARIABLE = YES;
				IPHONEOS_DEPLOYMENT_TARGET = 14.2;
				MTL_ENABLE_DEBUG_INFO = INCLUDE_SOURCE;
				MTL_FAST_MATH = YES;
				ONLY_ACTIVE_ARCH = YES;
				SDKROOT = iphoneos;
				SWIFT_ACTIVE_COMPILATION_CONDITIONS = DEBUG;
				SWIFT_OPTIMIZATION_LEVEL = "-Onone";
			};
			name = Debug;
		};
		87A9546825C7094800CA99C0 /* Release */ = {
			isa = XCBuildConfiguration;
			buildSettings = {
				ALWAYS_SEARCH_USER_PATHS = NO;
				CLANG_ANALYZER_NONNULL = YES;
				CLANG_ANALYZER_NUMBER_OBJECT_CONVERSION = YES_AGGRESSIVE;
				CLANG_CXX_LANGUAGE_STANDARD = "gnu++14";
				CLANG_CXX_LIBRARY = "libc++";
				CLANG_ENABLE_MODULES = YES;
				CLANG_ENABLE_OBJC_ARC = YES;
				CLANG_ENABLE_OBJC_WEAK = YES;
				CLANG_WARN_BLOCK_CAPTURE_AUTORELEASING = YES;
				CLANG_WARN_BOOL_CONVERSION = YES;
				CLANG_WARN_COMMA = YES;
				CLANG_WARN_CONSTANT_CONVERSION = YES;
				CLANG_WARN_DEPRECATED_OBJC_IMPLEMENTATIONS = YES;
				CLANG_WARN_DIRECT_OBJC_ISA_USAGE = YES_ERROR;
				CLANG_WARN_DOCUMENTATION_COMMENTS = YES;
				CLANG_WARN_EMPTY_BODY = YES;
				CLANG_WARN_ENUM_CONVERSION = YES;
				CLANG_WARN_INFINITE_RECURSION = YES;
				CLANG_WARN_INT_CONVERSION = YES;
				CLANG_WARN_NON_LITERAL_NULL_CONVERSION = YES;
				CLANG_WARN_OBJC_IMPLICIT_RETAIN_SELF = YES;
				CLANG_WARN_OBJC_LITERAL_CONVERSION = YES;
				CLANG_WARN_OBJC_ROOT_CLASS = YES_ERROR;
				CLANG_WARN_QUOTED_INCLUDE_IN_FRAMEWORK_HEADER = YES;
				CLANG_WARN_RANGE_LOOP_ANALYSIS = YES;
				CLANG_WARN_STRICT_PROTOTYPES = YES;
				CLANG_WARN_SUSPICIOUS_MOVE = YES;
				CLANG_WARN_UNGUARDED_AVAILABILITY = YES_AGGRESSIVE;
				CLANG_WARN_UNREACHABLE_CODE = YES;
				CLANG_WARN__DUPLICATE_METHOD_MATCH = YES;
				COPY_PHASE_STRIP = NO;
				DEBUG_INFORMATION_FORMAT = "dwarf-with-dsym";
				ENABLE_NS_ASSERTIONS = NO;
				ENABLE_STRICT_OBJC_MSGSEND = YES;
				GCC_C_LANGUAGE_STANDARD = gnu11;
				GCC_NO_COMMON_BLOCKS = YES;
				GCC_WARN_64_TO_32_BIT_CONVERSION = YES;
				GCC_WARN_ABOUT_RETURN_TYPE = YES_ERROR;
				GCC_WARN_UNDECLARED_SELECTOR = YES;
				GCC_WARN_UNINITIALIZED_AUTOS = YES_AGGRESSIVE;
				GCC_WARN_UNUSED_FUNCTION = YES;
				GCC_WARN_UNUSED_VARIABLE = YES;
				IPHONEOS_DEPLOYMENT_TARGET = 14.2;
				MTL_ENABLE_DEBUG_INFO = NO;
				MTL_FAST_MATH = YES;
				SDKROOT = iphoneos;
				SWIFT_COMPILATION_MODE = wholemodule;
				SWIFT_OPTIMIZATION_LEVEL = "-O";
				VALIDATE_PRODUCT = YES;
			};
			name = Release;
		};
		87A9546A25C7094800CA99C0 /* Debug */ = {
			isa = XCBuildConfiguration;
			buildSettings = {
				ASSETCATALOG_COMPILER_APPICON_NAME = AppIcon;
				ASSETCATALOG_COMPILER_GLOBAL_ACCENT_COLOR_NAME = AccentColor;
				CODE_SIGN_ENTITLEMENTS = Mobile/Mobile.entitlements;
				CODE_SIGN_STYLE = Automatic;
				DEVELOPMENT_TEAM = C4WQ3T3263;
				INFOPLIST_FILE = Mobile/Basic/Info.plist;
				LD_RUNPATH_SEARCH_PATHS = (
					"$(inherited)",
					"@executable_path/Frameworks",
				);
				PRODUCT_BUNDLE_IDENTIFIER = com.angellandoni.Mobile;
				PRODUCT_NAME = "$(TARGET_NAME)";
				SUPPORTS_MACCATALYST = YES;
				SWIFT_VERSION = 5.0;
				TARGETED_DEVICE_FAMILY = "1,2";
			};
			name = Debug;
		};
		87A9546B25C7094800CA99C0 /* Release */ = {
			isa = XCBuildConfiguration;
			buildSettings = {
				ASSETCATALOG_COMPILER_APPICON_NAME = AppIcon;
				ASSETCATALOG_COMPILER_GLOBAL_ACCENT_COLOR_NAME = AccentColor;
				CODE_SIGN_ENTITLEMENTS = Mobile/Mobile.entitlements;
				CODE_SIGN_STYLE = Automatic;
				DEVELOPMENT_TEAM = C4WQ3T3263;
				INFOPLIST_FILE = Mobile/Basic/Info.plist;
				LD_RUNPATH_SEARCH_PATHS = (
					"$(inherited)",
					"@executable_path/Frameworks",
				);
				PRODUCT_BUNDLE_IDENTIFIER = com.angellandoni.Mobile;
				PRODUCT_NAME = "$(TARGET_NAME)";
				SUPPORTS_MACCATALYST = YES;
				SWIFT_VERSION = 5.0;
				TARGETED_DEVICE_FAMILY = "1,2";
			};
			name = Release;
		};
/* End XCBuildConfiguration section */

/* Begin XCConfigurationList section */
		87A9545025C7094700CA99C0 /* Build configuration list for PBXProject "Mobile" */ = {
			isa = XCConfigurationList;
			buildConfigurations = (
				87A9546725C7094800CA99C0 /* Debug */,
				87A9546825C7094800CA99C0 /* Release */,
			);
			defaultConfigurationIsVisible = 0;
			defaultConfigurationName = Release;
		};
		87A9546925C7094800CA99C0 /* Build configuration list for PBXNativeTarget "Mobile" */ = {
			isa = XCConfigurationList;
			buildConfigurations = (
				87A9546A25C7094800CA99C0 /* Debug */,
				87A9546B25C7094800CA99C0 /* Release */,
			);
			defaultConfigurationIsVisible = 0;
			defaultConfigurationName = Release;
		};
/* End XCConfigurationList section */

/* Begin XCSwiftPackageProductDependency section */
		87A9547C25C70B5100CA99C0 /* ShinyUI */ = {
			isa = XCSwiftPackageProductDependency;
			productName = ShinyUI;
		};
/* End XCSwiftPackageProductDependency section */
	};
	rootObject = 87A9544D25C7094700CA99C0 /* Project object */;
}
